
Microsoft Visual Studio Solution File, Format Version 12.00
# Visual Studio 15
VisualStudioVersion = 15.0.26730.16
MinimumVisualStudioVersion = 10.0.40219.1
Project("{8BC9CEB8-8B4A-11D0-8D11-00A0C91BC942}") = "ArduinoLibraries", "ArduinoLibraries.vcxitems", "{1B7FCBD7-384F-4893-9701-5F085C6FD390}"
EndProject
Global
	GlobalSection(SolutionProperties) = preSolution
		HideSolutionNode = FALSE
	EndGlobalSection
	GlobalSection(ExtensibilityGlobals) = postSolution
		SolutionGuid = {161E816D-A31B-4961-9974-F7D318897B7C}
	EndGlobalSection
EndGlobal
